
Microsoft Visual Studio Solution File, Format Version 12.00
# Visual Studio Version 16
VisualStudioVersion = 16.0.29230.47
MinimumVisualStudioVersion = 10.0.40219.1
Project("{FAE04EC0-301F-11D3-BF4B-00C04F79EFBC}") = "Zork", "Zork\Zork.csproj", "{38423EA3-E37F-47A2-8028-3CAE595347E6}"
EndProject
Global
	GlobalSection(SolutionConfigurationPlatforms) = preSolution
		Debug|Any CPU = Debug|Any CPU
		Release|Any CPU = Release|Any CPU
	EndGlobalSection
	GlobalSection(ProjectConfigurationPlatforms) = postSolution
		{38423EA3-E37F-47A2-8028-3CAE595347E6}.Debug|Any CPU.ActiveCfg = Debug|Any CPU
		{38423EA3-E37F-47A2-8028-3CAE595347E6}.Debug|Any CPU.Build.0 = Debug|Any CPU
		{38423EA3-E37F-47A2-8028-3CAE595347E6}.Release|Any CPU.ActiveCfg = Release|Any CPU
		{38423EA3-E37F-47A2-8028-3CAE595347E6}.Release|Any CPU.Build.0 = Release|Any CPU
	EndGlobalSection
	GlobalSection(SolutionProperties) = preSolution
		HideSolutionNode = FALSE
	EndGlobalSection
	GlobalSection(ExtensibilityGlobals) = postSolution
		SolutionGuid = {0CDB089A-305A-4C79-87B4-B07AB89A07E1}
	EndGlobalSection
EndGlobal
